
Microsoft Visual Studio Solution File, Format Version 12.00
# Visual Studio Version 17
VisualStudioVersion = 17.8.34511.84
MinimumVisualStudioVersion = 10.0.40219.1
Project("{FAE04EC0-301F-11D3-BF4B-00C04F79EFBC}") = "Payment.Api", "Payment.Api\Payment.Api.csproj", "{7FBBC057-4CE2-4D03-BE57-D2FD82CD49F1}"
EndProject
Global
	GlobalSection(SolutionConfigurationPlatforms) = preSolution
		Debug|Any CPU = Debug|Any CPU
		Release|Any CPU = Release|Any CPU
	EndGlobalSection
	GlobalSection(ProjectConfigurationPlatforms) = postSolution
		{7FBBC057-4CE2-4D03-BE57-D2FD82CD49F1}.Debug|Any CPU.ActiveCfg = Debug|Any CPU
		{7FBBC057-4CE2-4D03-BE57-D2FD82CD49F1}.Debug|Any CPU.Build.0 = Debug|Any CPU
		{7FBBC057-4CE2-4D03-BE57-D2FD82CD49F1}.Release|Any CPU.ActiveCfg = Release|Any CPU
		{7FBBC057-4CE2-4D03-BE57-D2FD82CD49F1}.Release|Any CPU.Build.0 = Release|Any CPU
	EndGlobalSection
	GlobalSection(SolutionProperties) = preSolution
		HideSolutionNode = FALSE
	EndGlobalSection
	GlobalSection(ExtensibilityGlobals) = postSolution
		SolutionGuid = {8B059DC2-D4AD-4177-80E3-55B00CAEB37A}
	EndGlobalSection
EndGlobal
